
Microsoft Visual Studio Solution File, Format Version 12.00
# Visual Studio 2012
Project("{FAE04EC0-301F-11D3-BF4B-00C04F79EFBC}") = "PushTest", "PushTest\PushTest.csproj", "{0D1885B8-E20C-4BBB-A76F-38DF72C16031}"
EndProject
Global
	GlobalSection(SolutionConfigurationPlatforms) = preSolution
		Debug|Any CPU = Debug|Any CPU
		Release|Any CPU = Release|Any CPU
	EndGlobalSection
	GlobalSection(ProjectConfigurationPlatforms) = postSolution
		{0D1885B8-E20C-4BBB-A76F-38DF72C16031}.Debug|Any CPU.ActiveCfg = Debug|Any CPU
		{0D1885B8-E20C-4BBB-A76F-38DF72C16031}.Debug|Any CPU.Build.0 = Debug|Any CPU
		{0D1885B8-E20C-4BBB-A76F-38DF72C16031}.Release|Any CPU.ActiveCfg = Release|Any CPU
		{0D1885B8-E20C-4BBB-A76F-38DF72C16031}.Release|Any CPU.Build.0 = Release|Any CPU
	EndGlobalSection
	GlobalSection(SolutionProperties) = preSolution
		HideSolutionNode = FALSE
	EndGlobalSection
EndGlobal
